
Microsoft Visual Studio Solution File, Format Version 12.00
# Visual Studio Version 17
VisualStudioVersion = 17.14.37314.3
MinimumVisualStudioVersion = 10.0.40219.1
Project("{FAE04EC0-301F-11D3-BF4B-00C04F79EFBC}") = "Ejercicio1", "Ejercicio1\Ejercicio1.csproj", "{B680230B-F563-465F-AF3B-88F767839A9B}"
EndProject
Project("{FAE04EC0-301F-11D3-BF4B-00C04F79EFBC}") = "Ejercicio2", "Ejercicio2\Ejercicio2.csproj", "{439AFC96-C48C-4908-9C17-5577D4527AA1}"
EndProject
Project("{FAE04EC0-301F-11D3-BF4B-00C04F79EFBC}") = "Ejercicio3", "Ejercicio3\Ejercicio3.csproj", "{626436A9-7E30-496C-B979-96652A852FD9}"
EndProject
Project("{FAE04EC0-301F-11D3-BF4B-00C04F79EFBC}") = "Ejercicio4", "Ejercicio4\Ejercicio4.csproj", "{CBF1B65F-3D1B-4870-8641-77B0C92C8E38}"
EndProject
Project("{FAE04EC0-301F-11D3-BF4B-00C04F79EFBC}") = "Ejercicio5", "Ejercicio5\Ejercicio5.csproj", "{1460A295-63A1-4962-976E-85E66CD1A476}"
EndProject
Global
	GlobalSection(SolutionConfigurationPlatforms) = preSolution
		Debug|Any CPU = Debug|Any CPU
		Release|Any CPU = Release|Any CPU
	EndGlobalSection
	GlobalSection(ProjectConfigurationPlatforms) = postSolution
		{B680230B-F563-465F-AF3B-88F767839A9B}.Debug|Any CPU.ActiveCfg = Debug|Any CPU
		{B680230B-F563-465F-AF3B-88F767839A9B}.Debug|Any CPU.Build.0 = Debug|Any CPU
		{B680230B-F563-465F-AF3B-88F767839A9B}.Release|Any CPU.ActiveCfg = Release|Any CPU
		{B680230B-F563-465F-AF3B-88F767839A9B}.Release|Any CPU.Build.0 = Release|Any CPU
		{439AFC96-C48C-4908-9C17-5577D4527AA1}.Debug|Any CPU.ActiveCfg = Debug|Any CPU
		{439AFC96-C48C-4908-9C17-5577D4527AA1}.Debug|Any CPU.Build.0 = Debug|Any CPU
		{439AFC96-C48C-4908-9C17-5577D4527AA1}.Release|Any CPU.ActiveCfg = Release|Any CPU
		{439AFC96-C48C-4908-9C17-5577D4527AA1}.Release|Any CPU.Build.0 = Release|Any CPU
		{626436A9-7E30-496C-B979-96652A852FD9}.Debug|Any CPU.ActiveCfg = Debug|Any CPU
		{626436A9-7E30-496C-B979-96652A852FD9}.Debug|Any CPU.Build.0 = Debug|Any CPU
		{626436A9-7E30-496C-B979-96652A852FD9}.Release|Any CPU.ActiveCfg = Release|Any CPU
		{626436A9-7E30-496C-B979-96652A852FD9}.Release|Any CPU.Build.0 = Release|Any CPU
		{CBF1B65F-3D1B-4870-8641-77B0C92C8E38}.Debug|Any CPU.ActiveCfg = Debug|Any CPU
		{CBF1B65F-3D1B-4870-8641-77B0C92C8E38}.Debug|Any CPU.Build.0 = Debug|Any CPU
		{CBF1B65F-3D1B-4870-8641-77B0C92C8E38}.Release|Any CPU.ActiveCfg = Release|Any CPU
		{CBF1B65F-3D1B-4870-8641-77B0C92C8E38}.Release|Any CPU.Build.0 = Release|Any CPU
		{1460A295-63A1-4962-976E-85E66CD1A476}.Debug|Any CPU.ActiveCfg = Debug|Any CPU
		{1460A295-63A1-4962-976E-85E66CD1A476}.Debug|Any CPU.Build.0 = Debug|Any CPU
		{1460A295-63A1-4962-976E-85E66CD1A476}.Release|Any CPU.ActiveCfg = Release|Any CPU
		{1460A295-63A1-4962-976E-85E66CD1A476}.Release|Any CPU.Build.0 = Release|Any CPU
	EndGlobalSection
	GlobalSection(SolutionProperties) = preSolution
		HideSolutionNode = FALSE
	EndGlobalSection
	GlobalSection(ExtensibilityGlobals) = postSolution
		SolutionGuid = {991C9143-215F-469F-8244-548A94B7AAB3}
	EndGlobalSection
EndGlobal
